# This file is automatically @generated by Cargo.
# It is not intended for manual editing.
version = 4

[[package]]
name = "autocfg"
version = "1.4.0"
source = "registry+https://github.com/rust-lang/crates.io-index"
checksum = "ace50bade8e6234aa140d9a2f552bbee1db4d353f69b8217bc503490fc1a9f26"

[[package]]
name = "buddy_system_allocator"
version = "0.11.0"
source = "registry+https://github.com/rust-lang/crates.io-index"
checksum = "a1a0108968a3a2dab95b089c0fc3f1afa7759aa5ebe6f1d86d206d6f7ba726eb"

[[package]]
name = "fdt"
version = "0.1.5"
source = "registry+https://github.com/rust-lang/crates.io-index"
checksum = "784a4df722dc6267a04af36895398f59d21d07dce47232adf31ec0ff2fa45e67"

[[package]]
name = "lock_api"
version = "0.4.12"
source = "registry+https://github.com/rust-lang/crates.io-index"
checksum = "07af8b9cdd281b7915f413fa73f29ebd5d55d0d3f0155584dade1ff18cea1b17"
dependencies = [
 "autocfg",
 "scopeguard",
]

[[package]]
name = "proc-macro2"
version = "1.0.87"
source = "registry+https://github.com/rust-lang/crates.io-index"
checksum = "b3e4daa0dcf6feba26f985457cdf104d4b4256fc5a09547140f3631bb076b19a"
dependencies = [
 "unicode-ident",
]

[[package]]
name = "quote"
version = "1.0.37"
source = "registry+https://github.com/rust-lang/crates.io-index"
checksum = "b5b9d34b8991d19d98081b46eacdd8eb58c6f2b201139f7c5f643cc155a633af"
dependencies = [
 "proc-macro2",
]

[[package]]
name = "rust-xv6"
version = "0.1.0"
dependencies = [
 "buddy_system_allocator",
 "fdt",
 "spin",
 "zerocopy",
]

[[package]]
name = "scopeguard"
version = "1.2.0"
source = "registry+https://github.com/rust-lang/crates.io-index"
checksum = "94143f37725109f92c262ed2cf5e59bce7498c01bcc1502d7b9afe439a4e9f49"

[[package]]
name = "spin"
version = "0.9.8"
source = "registry+https://github.com/rust-lang/crates.io-index"
checksum = "6980e8d7511241f8acf4aebddbb1ff938df5eebe98691418c4468d0b72a96a67"
dependencies = [
 "lock_api",
]

[[package]]
name = "syn"
version = "2.0.79"
source = "registry+https://github.com/rust-lang/crates.io-index"
checksum = "89132cd0bf050864e1d38dc3bbc07a0eb8e7530af26344d3d2bbbef83499f590"
dependencies = [
 "proc-macro2",
 "quote",
 "unicode-ident",
]

[[package]]
name = "unicode-ident"
version = "1.0.13"
source = "registry+https://github.com/rust-lang/crates.io-index"
checksum = "e91b56cd4cadaeb79bbf1a5645f6b4f8dc5bde8834ad5894a8db35fda9efa1fe"

[[package]]
name = "zerocopy"
version = "0.8.5"
source = "registry+https://github.com/rust-lang/crates.io-index"
checksum = "6129d25825e874589a0e529175dd060c13dab4f3d960c6a0b711e5535b598bb2"
dependencies = [
 "zerocopy-derive",
]

[[package]]
name = "zerocopy-derive"
version = "0.8.5"
source = "registry+https://github.com/rust-lang/crates.io-index"
checksum = "d917df3784b4e2f5deb708d14623b2c02833890e1aa7a5dd1088998e8e9402b1"
dependencies = [
 "proc-macro2",
 "quote",
 "syn",
]
